
Microsoft Visual Studio Solution File, Format Version 12.00
# Visual Studio 2012
Project("{FAE04EC0-301F-11D3-BF4B-00C04F79EFBC}") = "automataProject", "automataProject\automataProject.csproj", "{83312161-C367-48CC-8BD9-B90D6F9A971B}"
EndProject
Global
	GlobalSection(SolutionConfigurationPlatforms) = preSolution
		Debug|Any CPU = Debug|Any CPU
		Release|Any CPU = Release|Any CPU
	EndGlobalSection
	GlobalSection(ProjectConfigurationPlatforms) = postSolution
		{83312161-C367-48CC-8BD9-B90D6F9A971B}.Debug|Any CPU.ActiveCfg = Debug|Any CPU
		{83312161-C367-48CC-8BD9-B90D6F9A971B}.Debug|Any CPU.Build.0 = Debug|Any CPU
		{83312161-C367-48CC-8BD9-B90D6F9A971B}.Release|Any CPU.ActiveCfg = Release|Any CPU
		{83312161-C367-48CC-8BD9-B90D6F9A971B}.Release|Any CPU.Build.0 = Release|Any CPU
	EndGlobalSection
	GlobalSection(SolutionProperties) = preSolution
		HideSolutionNode = FALSE
	EndGlobalSection
EndGlobal
